Microsoft Visual Studio Solution File, Format Version 11.00
# Visual Studio 2008

Project("{3A971B01-4680-A2DA-E80E-EBAEA07C5E28}") = "ex00", "Assembly-CSharp.csproj", "{CF7A217B-FB60-2998-CA6A-2E23352B1476}"
EndProject
Global
	GlobalSection(SolutionConfigurationPlatforms) = preSolution
		Debug|Any CPU = Debug|Any CPU
		Release|Any CPU = Release|Any CPU
	EndGlobalSection
	GlobalSection(ProjectConfigurationPlatforms) = postSolution
		{CF7A217B-FB60-2998-CA6A-2E23352B1476}.Debug|Any CPU.ActiveCfg = Debug|Any CPU
		{CF7A217B-FB60-2998-CA6A-2E23352B1476}.Debug|Any CPU.Build.0 = Debug|Any CPU
		{CF7A217B-FB60-2998-CA6A-2E23352B1476}.Release|Any CPU.ActiveCfg = Release|Any CPU
		{CF7A217B-FB60-2998-CA6A-2E23352B1476}.Release|Any CPU.Build.0 = Release|Any CPU
	EndGlobalSection
	GlobalSection(SolutionProperties) = preSolution
		HideSolutionNode = FALSE
	EndGlobalSection
	GlobalSection(MonoDevelopProperties) = preSolution
		StartupItem = Assembly-CSharp.csproj
	EndGlobalSection
EndGlobal
